{
  "requires": true,
  "lockfileVersion": 1,
  "dependencies": {
    "@yaireo/tagify": {
      "version": "4.17.8",
      "resolved": "https://registry.npmjs.org/@yaireo/tagify/-/tagify-4.17.8.tgz",
      "integrity": "sha512-MqU3JhE/35r8qZPgfLshXfOkTkgtFEXh2Ja8J3Nn1rPuut28yorJLtxH67jbrbanE1gFH2vCvxe6meqM6oZ8rA=="
    }
  }
}
